
Microsoft Visual Studio Solution File, Format Version 12.00
# Visual Studio Version 17
VisualStudioVersion = 17.12.35707.178
MinimumVisualStudioVersion = 10.0.40219.1
Project("{FAE04EC0-301F-11D3-BF4B-00C04F79EFBC}") = "scrabble v2", "scrabble v2.csproj", "{A50AE150-3651-4E9E-AA46-F4B62951049F}"
EndProject
Project("{FAE04EC0-301F-11D3-BF4B-00C04F79EFBC}") = "scrabble v1", "..\scrabble v1\scrabble v1.csproj", "{CF4A6A90-2CBF-45BD-B6F4-FC143E92BFC1}"
EndProject
Global
	GlobalSection(SolutionConfigurationPlatforms) = preSolution
		Debug|Any CPU = Debug|Any CPU
		Release|Any CPU = Release|Any CPU
	EndGlobalSection
	GlobalSection(ProjectConfigurationPlatforms) = postSolution
		{A50AE150-3651-4E9E-AA46-F4B62951049F}.Debug|Any CPU.ActiveCfg = Debug|Any CPU
		{A50AE150-3651-4E9E-AA46-F4B62951049F}.Debug|Any CPU.Build.0 = Debug|Any CPU
		{A50AE150-3651-4E9E-AA46-F4B62951049F}.Release|Any CPU.ActiveCfg = Release|Any CPU
		{A50AE150-3651-4E9E-AA46-F4B62951049F}.Release|Any CPU.Build.0 = Release|Any CPU
		{CF4A6A90-2CBF-45BD-B6F4-FC143E92BFC1}.Debug|Any CPU.ActiveCfg = Debug|Any CPU
		{CF4A6A90-2CBF-45BD-B6F4-FC143E92BFC1}.Debug|Any CPU.Build.0 = Debug|Any CPU
		{CF4A6A90-2CBF-45BD-B6F4-FC143E92BFC1}.Release|Any CPU.ActiveCfg = Release|Any CPU
		{CF4A6A90-2CBF-45BD-B6F4-FC143E92BFC1}.Release|Any CPU.Build.0 = Release|Any CPU
	EndGlobalSection
	GlobalSection(SolutionProperties) = preSolution
		HideSolutionNode = FALSE
	EndGlobalSection
EndGlobal
