
Microsoft Visual Studio Solution File, Format Version 12.00
# Visual Studio Version 17
VisualStudioVersion = 17.12.35707.178 d17.12
MinimumVisualStudioVersion = 10.0.40219.1
Project("{FAE04EC0-301F-11D3-BF4B-00C04F79EFBC}") = "balls and cups v2", "balls and cups v2.csproj", "{628F55E3-0369-46A0-BE28-7911A7EDBEDA}"
EndProject
Global
	GlobalSection(SolutionConfigurationPlatforms) = preSolution
		Debug|Any CPU = Debug|Any CPU
		Release|Any CPU = Release|Any CPU
	EndGlobalSection
	GlobalSection(ProjectConfigurationPlatforms) = postSolution
		{628F55E3-0369-46A0-BE28-7911A7EDBEDA}.Debug|Any CPU.ActiveCfg = Debug|Any CPU
		{628F55E3-0369-46A0-BE28-7911A7EDBEDA}.Debug|Any CPU.Build.0 = Debug|Any CPU
		{628F55E3-0369-46A0-BE28-7911A7EDBEDA}.Release|Any CPU.ActiveCfg = Release|Any CPU
		{628F55E3-0369-46A0-BE28-7911A7EDBEDA}.Release|Any CPU.Build.0 = Release|Any CPU
	EndGlobalSection
	GlobalSection(SolutionProperties) = preSolution
		HideSolutionNode = FALSE
	EndGlobalSection
EndGlobal
