
Microsoft Visual Studio Solution File, Format Version 12.00
# Visual Studio Version 17
VisualStudioVersion = 17.12.35707.178 d17.12
MinimumVisualStudioVersion = 10.0.40219.1
Project("{FAE04EC0-301F-11D3-BF4B-00C04F79EFBC}") = "usa flag 3", "usa flag 3.csproj", "{CA3B0E93-ADFE-46D1-866D-0BED1E67EF13}"
EndProject
Global
	GlobalSection(SolutionConfigurationPlatforms) = preSolution
		Debug|Any CPU = Debug|Any CPU
		Release|Any CPU = Release|Any CPU
	EndGlobalSection
	GlobalSection(ProjectConfigurationPlatforms) = postSolution
		{CA3B0E93-ADFE-46D1-866D-0BED1E67EF13}.Debug|Any CPU.ActiveCfg = Debug|Any CPU
		{CA3B0E93-ADFE-46D1-866D-0BED1E67EF13}.Debug|Any CPU.Build.0 = Debug|Any CPU
		{CA3B0E93-ADFE-46D1-866D-0BED1E67EF13}.Release|Any CPU.ActiveCfg = Release|Any CPU
		{CA3B0E93-ADFE-46D1-866D-0BED1E67EF13}.Release|Any CPU.Build.0 = Release|Any CPU
	EndGlobalSection
	GlobalSection(SolutionProperties) = preSolution
		HideSolutionNode = FALSE
	EndGlobalSection
EndGlobal
